
Microsoft Visual Studio Solution File, Format Version 12.00
# Visual Studio 14
VisualStudioVersion = 14.0.25420.1
MinimumVisualStudioVersion = 10.0.40219.1
Project("{FAE04EC0-301F-11D3-BF4B-00C04F79EFBC}") = "PlayTwoEs.Droid", "PlayTwoEs\PlayTwoEs.Droid\PlayTwoEs.Droid.csproj", "{B73EEA8B-DB5D-40CE-9456-8E790A2B95A5}"
EndProject
Project("{FAE04EC0-301F-11D3-BF4B-00C04F79EFBC}") = "PlayTwoEs.iOS", "PlayTwoEs\PlayTwoEs.iOS\PlayTwoEs.iOS.csproj", "{BBC9445D-9C02-4B82-8B53-E621F642C4AD}"
EndProject
Project("{FAE04EC0-301F-11D3-BF4B-00C04F79EFBC}") = "PlayTwoEs.WinPhone", "PlayTwoEs\PlayTwoEs.WinPhone\PlayTwoEs.WinPhone.csproj", "{A3972836-4177-4D0B-BC63-E45B33C244A7}"
EndProject
Project("{FAE04EC0-301F-11D3-BF4B-00C04F79EFBC}") = "PlayTwoEs.Windows", "PlayTwoEs\PlayTwoEs.Windows\PlayTwoEs.Windows.csproj", "{A9B9F4E3-50F9-4457-8F16-DA7CFA5BEE5B}"
EndProject
Project("{FAE04EC0-301F-11D3-BF4B-00C04F79EFBC}") = "PlayTwoEs", "PlayTwoEs\PlayTwoEs\PlayTwoEs.csproj", "{B29279FA-A435-4A21-9067-D841F01FB763}"
EndProject
Global
	GlobalSection(SolutionConfigurationPlatforms) = preSolution
		Ad-Hoc|Any CPU = Ad-Hoc|Any CPU
		Ad-Hoc|ARM = Ad-Hoc|ARM
		Ad-Hoc|iPhone = Ad-Hoc|iPhone
		Ad-Hoc|iPhoneSimulator = Ad-Hoc|iPhoneSimulator
		Ad-Hoc|x64 = Ad-Hoc|x64
		Ad-Hoc|x86 = Ad-Hoc|x86
		AppStore|Any CPU = AppStore|Any CPU
		AppStore|ARM = AppStore|ARM
		AppStore|iPhone = AppStore|iPhone
		AppStore|iPhoneSimulator = AppStore|iPhoneSimulator
		AppStore|x64 = AppStore|x64
		AppStore|x86 = AppStore|x86
		Debug|Any CPU = Debug|Any CPU
		Debug|ARM = Debug|ARM
		Debug|iPhone = Debug|iPhone
		Debug|iPhoneSimulator = Debug|iPhoneSimulator
		Debug|x64 = Debug|x64
		Debug|x86 = Debug|x86
		Release|Any CPU = Release|Any CPU
		Release|ARM = Release|ARM
		Release|iPhone = Release|iPhone
		Release|iPhoneSimulator = Release|iPhoneSimulator
		Release|x64 = Release|x64
		Release|x86 = Release|x86
	EndGlobalSection
	GlobalSection(ProjectConfigurationPlatforms) = postSolution
		{B73EEA8B-DB5D-40CE-9456-8E790A2B95A5}.Ad-Hoc|Any CPU.ActiveCfg = Release|Any CPU
		{B73EEA8B-DB5D-40CE-9456-8E790A2B95A5}.Ad-Hoc|Any CPU.Build.0 = Release|Any CPU
		{B73EEA8B-DB5D-40CE-9456-8E790A2B95A5}.Ad-Hoc|Any CPU.Deploy.0 = Release|Any CPU
		{B73EEA8B-DB5D-40CE-9456-8E790A2B95A5}.Ad-Hoc|ARM.ActiveCfg = Release|Any CPU
		{B73EEA8B-DB5D-40CE-9456-8E790A2B95A5}.Ad-Hoc|ARM.Build.0 = Release|Any CPU
		{B73EEA8B-DB5D-40CE-9456-8E790A2B95A5}.Ad-Hoc|ARM.Deploy.0 = Release|Any CPU
		{B73EEA8B-DB5D-40CE-9456-8E790A2B95A5}.Ad-Hoc|iPhone.ActiveCfg = Release|Any CPU
		{B73EEA8B-DB5D-40CE-9456-8E790A2B95A5}.Ad-Hoc|iPhone.Build.0 = Release|Any CPU
		{B73EEA8B-DB5D-40CE-9456-8E790A2B95A5}.Ad-Hoc|iPhone.Deploy.0 = Release|Any CPU
		{B73EEA8B-DB5D-40CE-9456-8E790A2B95A5}.Ad-Hoc|iPhoneSimulator.ActiveCfg = Release|Any CPU
		{B73EEA8B-DB5D-40CE-9456-8E790A2B95A5}.Ad-Hoc|iPhoneSimulator.Build.0 = Release|Any CPU
		{B73EEA8B-DB5D-40CE-9456-8E790A2B95A5}.Ad-Hoc|iPhoneSimulator.Deploy.0 = Release|Any CPU
		{B73EEA8B-DB5D-40CE-9456-8E790A2B95A5}.Ad-Hoc|x64.ActiveCfg = Release|Any CPU
		{B73EEA8B-DB5D-40CE-9456-8E790A2B95A5}.Ad-Hoc|x64.Build.0 = Release|Any CPU
		{B73EEA8B-DB5D-40CE-9456-8E790A2B95A5}.Ad-Hoc|x64.Deploy.0 = Release|Any CPU
		{B73EEA8B-DB5D-40CE-9456-8E790A2B95A5}.Ad-Hoc|x86.ActiveCfg = Release|Any CPU
		{B73EEA8B-DB5D-40CE-9456-8E790A2B95A5}.Ad-Hoc|x86.Build.0 = Release|Any CPU
		{B73EEA8B-DB5D-40CE-9456-8E790A2B95A5}.Ad-Hoc|x86.Deploy.0 = Release|Any CPU
		{B73EEA8B-DB5D-40CE-9456-8E790A2B95A5}.AppStore|Any CPU.ActiveCfg = Release|Any CPU
		{B73EEA8B-DB5D-40CE-9456-8E790A2B95A5}.AppStore|Any CPU.Build.0 = Release|Any CPU
		{B73EEA8B-DB5D-40CE-9456-8E790A2B95A5}.AppStore|Any CPU.Deploy.0 = Release|Any CPU
		{B73EEA8B-DB5D-40CE-9456-8E790A2B95A5}.AppStore|ARM.ActiveCfg = Release|Any CPU
		{B73EEA8B-DB5D-40CE-9456-8E790A2B95A5}.AppStore|ARM.Build.0 = Release|Any CPU
		{B73EEA8B-DB5D-40CE-9456-8E790A2B95A5}.AppStore|ARM.Deploy.0 = Release|Any CPU
		{B73EEA8B-DB5D-40CE-9456-8E790A2B95A5}.AppStore|iPhone.ActiveCfg = Release|Any CPU
		{B73EEA8B-DB5D-40CE-9456-8E790A2B95A5}.AppStore|iPhone.Build.0 = Release|Any CPU
		{B73EEA8B-DB5D-40CE-9456-8E790A2B95A5}.AppStore|iPhone.Deploy.0 = Release|Any CPU
		{B73EEA8B-DB5D-40CE-9456-8E790A2B95A5}.AppStore|iPhoneSimulator.ActiveCfg = Release|Any CPU
		{B73EEA8B-DB5D-40CE-9456-8E790A2B95A5}.AppStore|iPhoneSimulator.Build.0 = Release|Any CPU
		{B73EEA8B-DB5D-40CE-9456-8E790A2B95A5}.AppStore|iPhoneSimulator.Deploy.0 = Release|Any CPU
		{B73EEA8B-DB5D-40CE-9456-8E790A2B95A5}.AppStore|x64.ActiveCfg = Release|Any CPU
		{B73EEA8B-DB5D-40CE-9456-8E790A2B95A5}.AppStore|x64.Build.0 = Release|Any CPU
		{B73EEA8B-DB5D-40CE-9456-8E790A2B95A5}.AppStore|x64.Deploy.0 = Release|Any CPU
		{B73EEA8B-DB5D-40CE-9456-8E790A2B95A5}.AppStore|x86.ActiveCfg = Release|Any CPU
		{B73EEA8B-DB5D-40CE-9456-8E790A2B95A5}.AppStore|x86.Build.0 = Release|Any CPU
		{B73EEA8B-DB5D-40CE-9456-8E790A2B95A5}.AppStore|x86.Deploy.0 = Release|Any CPU
		{B73EEA8B-DB5D-40CE-9456-8E790A2B95A5}.Debug|Any CPU.ActiveCfg = Debug|Any CPU
		{B73EEA8B-DB5D-40CE-9456-8E790A2B95A5}.Debug|Any CPU.Build.0 = Debug|Any CPU
		{B73EEA8B-DB5D-40CE-9456-8E790A2B95A5}.Debug|Any CPU.Deploy.0 = Debug|Any CPU
		{B73EEA8B-DB5D-40CE-9456-8E790A2B95A5}.Debug|ARM.ActiveCfg = Debug|Any CPU
		{B73EEA8B-DB5D-40CE-9456-8E790A2B95A5}.Debug|ARM.Build.0 = Debug|Any CPU
		{B73EEA8B-DB5D-40CE-9456-8E790A2B95A5}.Debug|ARM.Deploy.0 = Debug|Any CPU
		{B73EEA8B-DB5D-40CE-9456-8E790A2B95A5}.Debug|iPhone.ActiveCfg = Debug|Any CPU
		{B73EEA8B-DB5D-40CE-9456-8E790A2B95A5}.Debug|iPhone.Build.0 = Debug|Any CPU
		{B73EEA8B-DB5D-40CE-9456-8E790A2B95A5}.Debug|iPhone.Deploy.0 = Debug|Any CPU
		{B73EEA8B-DB5D-40CE-9456-8E790A2B95A5}.Debug|iPhoneSimulator.ActiveCfg = Debug|Any CPU
		{B73EEA8B-DB5D-40CE-9456-8E790A2B95A5}.Debug|iPhoneSimulator.Build.0 = Debug|Any CPU
		{B73EEA8B-DB5D-40CE-9456-8E790A2B95A5}.Debug|iPhoneSimulator.Deploy.0 = Debug|Any CPU
		{B73EEA8B-DB5D-40CE-9456-8E790A2B95A5}.Debug|x64.ActiveCfg = Debug|Any CPU
		{B73EEA8B-DB5D-40CE-9456-8E790A2B95A5}.Debug|x64.Build.0 = Debug|Any CPU
		{B73EEA8B-DB5D-40CE-9456-8E790A2B95A5}.Debug|x64.Deploy.0 = Debug|Any CPU
		{B73EEA8B-DB5D-40CE-9456-8E790A2B95A5}.Debug|x86.ActiveCfg = Debug|Any CPU
		{B73EEA8B-DB5D-40CE-9456-8E790A2B95A5}.Debug|x86.Build.0 = Debug|Any CPU
		{B73EEA8B-DB5D-40CE-9456-8E790A2B95A5}.Debug|x86.Deploy.0 = Debug|Any CPU
		{B73EEA8B-DB5D-40CE-9456-8E790A2B95A5}.Release|Any CPU.ActiveCfg = Release|Any CPU
		{B73EEA8B-DB5D-40CE-9456-8E790A2B95A5}.Release|Any CPU.Build.0 = Release|Any CPU
		{B73EEA8B-DB5D-40CE-9456-8E790A2B95A5}.Release|Any CPU.Deploy.0 = Release|Any CPU
		{B73EEA8B-DB5D-40CE-9456-8E790A2B95A5}.Release|ARM.ActiveCfg = Release|Any CPU
		{B73EEA8B-DB5D-40CE-9456-8E790A2B95A5}.Release|ARM.Build.0 = Release|Any CPU
		{B73EEA8B-DB5D-40CE-9456-8E790A2B95A5}.Release|ARM.Deploy.0 = Release|Any CPU
		{B73EEA8B-DB5D-40CE-9456-8E790A2B95A5}.Release|iPhone.ActiveCfg = Release|Any CPU
		{B73EEA8B-DB5D-40CE-9456-8E790A2B95A5}.Release|iPhone.Build.0 = Release|Any CPU
		{B73EEA8B-DB5D-40CE-9456-8E790A2B95A5}.Release|iPhone.Deploy.0 = Release|Any CPU
		{B73EEA8B-DB5D-40CE-9456-8E790A2B95A5}.Release|iPhoneSimulator.ActiveCfg = Release|Any CPU
		{B73EEA8B-DB5D-40CE-9456-8E790A2B95A5}.Release|iPhoneSimulator.Build.0 = Release|Any CPU
		{B73EEA8B-DB5D-40CE-9456-8E790A2B95A5}.Release|iPhoneSimulator.Deploy.0 = Release|Any CPU
		{B73EEA8B-DB5D-40CE-9456-8E790A2B95A5}.Release|x64.ActiveCfg = Release|Any CPU
		{B73EEA8B-DB5D-40CE-9456-8E790A2B95A5}.Release|x64.Build.0 = Release|Any CPU
		{B73EEA8B-DB5D-40CE-9456-8E790A2B95A5}.Release|x64.Deploy.0 = Release|Any CPU
		{B73EEA8B-DB5D-40CE-9456-8E790A2B95A5}.Release|x86.ActiveCfg = Release|Any CPU
		{B73EEA8B-DB5D-40CE-9456-8E790A2B95A5}.Release|x86.Build.0 = Release|Any CPU
		{B73EEA8B-DB5D-40CE-9456-8E790A2B95A5}.Release|x86.Deploy.0 = Release|Any CPU
		{BBC9445D-9C02-4B82-8B53-E621F642C4AD}.Ad-Hoc|Any CPU.ActiveCfg = Ad-Hoc|iPhone
		{BBC9445D-9C02-4B82-8B53-E621F642C4AD}.Ad-Hoc|ARM.ActiveCfg = Ad-Hoc|iPhone
		{BBC9445D-9C02-4B82-8B53-E621F642C4AD}.Ad-Hoc|iPhone.ActiveCfg = Ad-Hoc|iPhone
		{BBC9445D-9C02-4B82-8B53-E621F642C4AD}.Ad-Hoc|iPhone.Build.0 = Ad-Hoc|iPhone
		{BBC9445D-9C02-4B82-8B53-E621F642C4AD}.Ad-Hoc|iPhoneSimulator.ActiveCfg = Ad-Hoc|iPhoneSimulator
		{BBC9445D-9C02-4B82-8B53-E621F642C4AD}.Ad-Hoc|iPhoneSimulator.Build.0 = Ad-Hoc|iPhoneSimulator
		{BBC9445D-9C02-4B82-8B53-E621F642C4AD}.Ad-Hoc|x64.ActiveCfg = Ad-Hoc|iPhone
		{BBC9445D-9C02-4B82-8B53-E621F642C4AD}.Ad-Hoc|x86.ActiveCfg = Ad-Hoc|iPhone
		{BBC9445D-9C02-4B82-8B53-E621F642C4AD}.AppStore|Any CPU.ActiveCfg = AppStore|iPhone
		{BBC9445D-9C02-4B82-8B53-E621F642C4AD}.AppStore|ARM.ActiveCfg = AppStore|iPhone
		{BBC9445D-9C02-4B82-8B53-E621F642C4AD}.AppStore|iPhone.ActiveCfg = AppStore|iPhone
		{BBC9445D-9C02-4B82-8B53-E621F642C4AD}.AppStore|iPhone.Build.0 = AppStore|iPhone
		{BBC9445D-9C02-4B82-8B53-E621F642C4AD}.AppStore|iPhoneSimulator.ActiveCfg = AppStore|iPhoneSimulator
		{BBC9445D-9C02-4B82-8B53-E621F642C4AD}.AppStore|iPhoneSimulator.Build.0 = AppStore|iPhoneSimulator
		{BBC9445D-9C02-4B82-8B53-E621F642C4AD}.AppStore|x64.ActiveCfg = AppStore|iPhone
		{BBC9445D-9C02-4B82-8B53-E621F642C4AD}.AppStore|x86.ActiveCfg = AppStore|iPhone
		{BBC9445D-9C02-4B82-8B53-E621F642C4AD}.Debug|Any CPU.ActiveCfg = Debug|iPhone
		{BBC9445D-9C02-4B82-8B53-E621F642C4AD}.Debug|ARM.ActiveCfg = Debug|iPhone
		{BBC9445D-9C02-4B82-8B53-E621F642C4AD}.Debug|iPhone.ActiveCfg = Debug|iPhone
		{BBC9445D-9C02-4B82-8B53-E621F642C4AD}.Debug|iPhone.Build.0 = Debug|iPhone
		{BBC9445D-9C02-4B82-8B53-E621F642C4AD}.Debug|iPhoneSimulator.ActiveCfg = Debug|iPhoneSimulator
		{BBC9445D-9C02-4B82-8B53-E621F642C4AD}.Debug|iPhoneSimulator.Build.0 = Debug|iPhoneSimulator
		{BBC9445D-9C02-4B82-8B53-E621F642C4AD}.Debug|x64.ActiveCfg = Debug|iPhone
		{BBC9445D-9C02-4B82-8B53-E621F642C4AD}.Debug|x86.ActiveCfg = Debug|iPhone
		{BBC9445D-9C02-4B82-8B53-E621F642C4AD}.Release|Any CPU.ActiveCfg = Release|iPhone
		{BBC9445D-9C02-4B82-8B53-E621F642C4AD}.Release|ARM.ActiveCfg = Release|iPhone
		{BBC9445D-9C02-4B82-8B53-E621F642C4AD}.Release|iPhone.ActiveCfg = Release|iPhone
		{BBC9445D-9C02-4B82-8B53-E621F642C4AD}.Release|iPhone.Build.0 = Release|iPhone
		{BBC9445D-9C02-4B82-8B53-E621F642C4AD}.Release|iPhoneSimulator.ActiveCfg = Release|iPhoneSimulator
		{BBC9445D-9C02-4B82-8B53-E621F642C4AD}.Release|iPhoneSimulator.Build.0 = Release|iPhoneSimulator
		{BBC9445D-9C02-4B82-8B53-E621F642C4AD}.Release|x64.ActiveCfg = Release|iPhone
		{BBC9445D-9C02-4B82-8B53-E621F642C4AD}.Release|x86.ActiveCfg = Release|iPhone
		{A3972836-4177-4D0B-BC63-E45B33C244A7}.Ad-Hoc|Any CPU.ActiveCfg = Release|Any CPU
		{A3972836-4177-4D0B-BC63-E45B33C244A7}.Ad-Hoc|Any CPU.Build.0 = Release|Any CPU
		{A3972836-4177-4D0B-BC63-E45B33C244A7}.Ad-Hoc|Any CPU.Deploy.0 = Release|Any CPU
		{A3972836-4177-4D0B-BC63-E45B33C244A7}.Ad-Hoc|ARM.ActiveCfg = Release|ARM
		{A3972836-4177-4D0B-BC63-E45B33C244A7}.Ad-Hoc|ARM.Build.0 = Release|ARM
		{A3972836-4177-4D0B-BC63-E45B33C244A7}.Ad-Hoc|ARM.Deploy.0 = Release|ARM
		{A3972836-4177-4D0B-BC63-E45B33C244A7}.Ad-Hoc|iPhone.ActiveCfg = Release|Any CPU
		{A3972836-4177-4D0B-BC63-E45B33C244A7}.Ad-Hoc|iPhone.Build.0 = Release|Any CPU
		{A3972836-4177-4D0B-BC63-E45B33C244A7}.Ad-Hoc|iPhone.Deploy.0 = Release|Any CPU
		{A3972836-4177-4D0B-BC63-E45B33C244A7}.Ad-Hoc|iPhoneSimulator.ActiveCfg = Release|Any CPU
		{A3972836-4177-4D0B-BC63-E45B33C244A7}.Ad-Hoc|iPhoneSimulator.Build.0 = Release|Any CPU
		{A3972836-4177-4D0B-BC63-E45B33C244A7}.Ad-Hoc|iPhoneSimulator.Deploy.0 = Release|Any CPU
		{A3972836-4177-4D0B-BC63-E45B33C244A7}.Ad-Hoc|x64.ActiveCfg = Release|Any CPU
		{A3972836-4177-4D0B-BC63-E45B33C244A7}.Ad-Hoc|x64.Build.0 = Release|Any CPU
		{A3972836-4177-4D0B-BC63-E45B33C244A7}.Ad-Hoc|x64.Deploy.0 = Release|Any CPU
		{A3972836-4177-4D0B-BC63-E45B33C244A7}.Ad-Hoc|x86.ActiveCfg = Release|x86
		{A3972836-4177-4D0B-BC63-E45B33C244A7}.Ad-Hoc|x86.Build.0 = Release|x86
		{A3972836-4177-4D0B-BC63-E45B33C244A7}.Ad-Hoc|x86.Deploy.0 = Release|x86
		{A3972836-4177-4D0B-BC63-E45B33C244A7}.AppStore|Any CPU.ActiveCfg = Release|Any CPU
		{A3972836-4177-4D0B-BC63-E45B33C244A7}.AppStore|Any CPU.Build.0 = Release|Any CPU
		{A3972836-4177-4D0B-BC63-E45B33C244A7}.AppStore|Any CPU.Deploy.0 = Release|Any CPU
		{A3972836-4177-4D0B-BC63-E45B33C244A7}.AppStore|ARM.ActiveCfg = Release|ARM
		{A3972836-4177-4D0B-BC63-E45B33C244A7}.AppStore|ARM.Build.0 = Release|ARM
		{A3972836-4177-4D0B-BC63-E45B33C244A7}.AppStore|ARM.Deploy.0 = Release|ARM
		{A3972836-4177-4D0B-BC63-E45B33C244A7}.AppStore|iPhone.ActiveCfg = Release|Any CPU
		{A3972836-4177-4D0B-BC63-E45B33C244A7}.AppStore|iPhone.Build.0 = Release|Any CPU
		{A3972836-4177-4D0B-BC63-E45B33C244A7}.AppStore|iPhone.Deploy.0 = Release|Any CPU
		{A3972836-4177-4D0B-BC63-E45B33C244A7}.AppStore|iPhoneSimulator.ActiveCfg = Release|Any CPU
		{A3972836-4177-4D0B-BC63-E45B33C244A7}.AppStore|iPhoneSimulator.Build.0 = Release|Any CPU
		{A3972836-4177-4D0B-BC63-E45B33C244A7}.AppStore|iPhoneSimulator.Deploy.0 = Release|Any CPU
		{A3972836-4177-4D0B-BC63-E45B33C244A7}.AppStore|x64.ActiveCfg = Release|Any CPU
		{A3972836-4177-4D0B-BC63-E45B33C244A7}.AppStore|x64.Build.0 = Release|Any CPU
		{A3972836-4177-4D0B-BC63-E45B33C244A7}.AppStore|x64.Deploy.0 = Release|Any CPU
		{A3972836-4177-4D0B-BC63-E45B33C244A7}.AppStore|x86.ActiveCfg = Release|x86
		{A3972836-4177-4D0B-BC63-E45B33C244A7}.AppStore|x86.Build.0 = Release|x86
		{A3972836-4177-4D0B-BC63-E45B33C244A7}.AppStore|x86.Deploy.0 = Release|x86
		{A3972836-4177-4D0B-BC63-E45B33C244A7}.Debug|Any CPU.ActiveCfg = Debug|Any CPU
		{A3972836-4177-4D0B-BC63-E45B33C244A7}.Debug|Any CPU.Build.0 = Debug|Any CPU
		{A3972836-4177-4D0B-BC63-E45B33C244A7}.Debug|Any CPU.Deploy.0 = Debug|Any CPU
		{A3972836-4177-4D0B-BC63-E45B33C244A7}.Debug|ARM.ActiveCfg = Debug|ARM
		{A3972836-4177-4D0B-BC63-E45B33C244A7}.Debug|ARM.Build.0 = Debug|ARM
		{A3972836-4177-4D0B-BC63-E45B33C244A7}.Debug|ARM.Deploy.0 = Debug|ARM
		{A3972836-4177-4D0B-BC63-E45B33C244A7}.Debug|iPhone.ActiveCfg = Debug|Any CPU
		{A3972836-4177-4D0B-BC63-E45B33C244A7}.Debug|iPhone.Build.0 = Debug|Any CPU
		{A3972836-4177-4D0B-BC63-E45B33C244A7}.Debug|iPhone.Deploy.0 = Debug|Any CPU
		{A3972836-4177-4D0B-BC63-E45B33C244A7}.Debug|iPhoneSimulator.ActiveCfg = Debug|Any CPU
		{A3972836-4177-4D0B-BC63-E45B33C244A7}.Debug|iPhoneSimulator.Build.0 = Debug|Any CPU
		{A3972836-4177-4D0B-BC63-E45B33C244A7}.Debug|iPhoneSimulator.Deploy.0 = Debug|Any CPU
		{A3972836-4177-4D0B-BC63-E45B33C244A7}.Debug|x64.ActiveCfg = Debug|Any CPU
		{A3972836-4177-4D0B-BC63-E45B33C244A7}.Debug|x64.Build.0 = Debug|Any CPU
		{A3972836-4177-4D0B-BC63-E45B33C244A7}.Debug|x64.Deploy.0 = Debug|Any CPU
		{A3972836-4177-4D0B-BC63-E45B33C244A7}.Debug|x86.ActiveCfg = Debug|x86
		{A3972836-4177-4D0B-BC63-E45B33C244A7}.Debug|x86.Build.0 = Debug|x86
		{A3972836-4177-4D0B-BC63-E45B33C244A7}.Debug|x86.Deploy.0 = Debug|x86
		{A3972836-4177-4D0B-BC63-E45B33C244A7}.Release|Any CPU.ActiveCfg = Release|Any CPU
		{A3972836-4177-4D0B-BC63-E45B33C244A7}.Release|Any CPU.Build.0 = Release|Any CPU
		{A3972836-4177-4D0B-BC63-E45B33C244A7}.Release|Any CPU.Deploy.0 = Release|Any CPU
		{A3972836-4177-4D0B-BC63-E45B33C244A7}.Release|ARM.ActiveCfg = Release|ARM
		{A3972836-4177-4D0B-BC63-E45B33C244A7}.Release|ARM.Build.0 = Release|ARM
		{A3972836-4177-4D0B-BC63-E45B33C244A7}.Release|ARM.Deploy.0 = Release|ARM
		{A3972836-4177-4D0B-BC63-E45B33C244A7}.Release|iPhone.ActiveCfg = Release|Any CPU
		{A3972836-4177-4D0B-BC63-E45B33C244A7}.Release|iPhone.Build.0 = Release|Any CPU
		{A3972836-4177-4D0B-BC63-E45B33C244A7}.Release|iPhone.Deploy.0 = Release|Any CPU
		{A3972836-4177-4D0B-BC63-E45B33C244A7}.Release|iPhoneSimulator.ActiveCfg = Release|Any CPU
		{A3972836-4177-4D0B-BC63-E45B33C244A7}.Release|iPhoneSimulator.Build.0 = Release|Any CPU
		{A3972836-4177-4D0B-BC63-E45B33C244A7}.Release|iPhoneSimulator.Deploy.0 = Release|Any CPU
		{A3972836-4177-4D0B-BC63-E45B33C244A7}.Release|x64.ActiveCfg = Release|Any CPU
		{A3972836-4177-4D0B-BC63-E45B33C244A7}.Release|x64.Build.0 = Release|Any CPU
		{A3972836-4177-4D0B-BC63-E45B33C244A7}.Release|x64.Deploy.0 = Release|Any CPU
		{A3972836-4177-4D0B-BC63-E45B33C244A7}.Release|x86.ActiveCfg = Release|x86
		{A3972836-4177-4D0B-BC63-E45B33C244A7}.Release|x86.Build.0 = Release|x86
		{A3972836-4177-4D0B-BC63-E45B33C244A7}.Release|x86.Deploy.0 = Release|x86
		{A9B9F4E3-50F9-4457-8F16-DA7CFA5BEE5B}.Ad-Hoc|Any CPU.ActiveCfg = Release|Any CPU
		{A9B9F4E3-50F9-4457-8F16-DA7CFA5BEE5B}.Ad-Hoc|Any CPU.Build.0 = Release|Any CPU
		{A9B9F4E3-50F9-4457-8F16-DA7CFA5BEE5B}.Ad-Hoc|Any CPU.Deploy.0 = Release|Any CPU
		{A9B9F4E3-50F9-4457-8F16-DA7CFA5BEE5B}.Ad-Hoc|ARM.ActiveCfg = Release|ARM
		{A9B9F4E3-50F9-4457-8F16-DA7CFA5BEE5B}.Ad-Hoc|ARM.Build.0 = Release|ARM
		{A9B9F4E3-50F9-4457-8F16-DA7CFA5BEE5B}.Ad-Hoc|ARM.Deploy.0 = Release|ARM
		{A9B9F4E3-50F9-4457-8F16-DA7CFA5BEE5B}.Ad-Hoc|iPhone.ActiveCfg = Release|Any CPU
		{A9B9F4E3-50F9-4457-8F16-DA7CFA5BEE5B}.Ad-Hoc|iPhone.Build.0 = Release|Any CPU
		{A9B9F4E3-50F9-4457-8F16-DA7CFA5BEE5B}.Ad-Hoc|iPhone.Deploy.0 = Release|Any CPU
		{A9B9F4E3-50F9-4457-8F16-DA7CFA5BEE5B}.Ad-Hoc|iPhoneSimulator.ActiveCfg = Release|Any CPU
		{A9B9F4E3-50F9-4457-8F16-DA7CFA5BEE5B}.Ad-Hoc|iPhoneSimulator.Build.0 = Release|Any CPU
		{A9B9F4E3-50F9-4457-8F16-DA7CFA5BEE5B}.Ad-Hoc|iPhoneSimulator.Deploy.0 = Release|Any CPU
		{A9B9F4E3-50F9-4457-8F16-DA7CFA5BEE5B}.Ad-Hoc|x64.ActiveCfg = Release|x64
		{A9B9F4E3-50F9-4457-8F16-DA7CFA5BEE5B}.Ad-Hoc|x64.Build.0 = Release|x64
		{A9B9F4E3-50F9-4457-8F16-DA7CFA5BEE5B}.Ad-Hoc|x64.Deploy.0 = Release|x64
		{A9B9F4E3-50F9-4457-8F16-DA7CFA5BEE5B}.Ad-Hoc|x86.ActiveCfg = Release|x86
		{A9B9F4E3-50F9-4457-8F16-DA7CFA5BEE5B}.Ad-Hoc|x86.Build.0 = Release|x86
		{A9B9F4E3-50F9-4457-8F16-DA7CFA5BEE5B}.Ad-Hoc|x86.Deploy.0 = Release|x86
		{A9B9F4E3-50F9-4457-8F16-DA7CFA5BEE5B}.AppStore|Any CPU.ActiveCfg = Release|Any CPU
		{A9B9F4E3-50F9-4457-8F16-DA7CFA5BEE5B}.AppStore|Any CPU.Build.0 = Release|Any CPU
		{A9B9F4E3-50F9-4457-8F16-DA7CFA5BEE5B}.AppStore|Any CPU.Deploy.0 = Release|Any CPU
		{A9B9F4E3-50F9-4457-8F16-DA7CFA5BEE5B}.AppStore|ARM.ActiveCfg = Release|ARM
		{A9B9F4E3-50F9-4457-8F16-DA7CFA5BEE5B}.AppStore|ARM.Build.0 = Release|ARM
		{A9B9F4E3-50F9-4457-8F16-DA7CFA5BEE5B}.AppStore|ARM.Deploy.0 = Release|ARM
		{A9B9F4E3-50F9-4457-8F16-DA7CFA5BEE5B}.AppStore|iPhone.ActiveCfg = Release|Any CPU
		{A9B9F4E3-50F9-4457-8F16-DA7CFA5BEE5B}.AppStore|iPhone.Build.0 = Release|Any CPU
		{A9B9F4E3-50F9-4457-8F16-DA7CFA5BEE5B}.AppStore|iPhone.Deploy.0 = Release|Any CPU
		{A9B9F4E3-50F9-4457-8F16-DA7CFA5BEE5B}.AppStore|iPhoneSimulator.ActiveCfg = Release|Any CPU
		{A9B9F4E3-50F9-4457-8F16-DA7CFA5BEE5B}.AppStore|iPhoneSimulator.Build.0 = Release|Any CPU
		{A9B9F4E3-50F9-4457-8F16-DA7CFA5BEE5B}.AppStore|iPhoneSimulator.Deploy.0 = Release|Any CPU
		{A9B9F4E3-50F9-4457-8F16-DA7CFA5BEE5B}.AppStore|x64.ActiveCfg = Release|x64
		{A9B9F4E3-50F9-4457-8F16-DA7CFA5BEE5B}.AppStore|x64.Build.0 = Release|x64
		{A9B9F4E3-50F9-4457-8F16-DA7CFA5BEE5B}.AppStore|x64.Deploy.0 = Release|x64
		{A9B9F4E3-50F9-4457-8F16-DA7CFA5BEE5B}.AppStore|x86.ActiveCfg = Release|x86
		{A9B9F4E3-50F9-4457-8F16-DA7CFA5BEE5B}.AppStore|x86.Build.0 = Release|x86
		{A9B9F4E3-50F9-4457-8F16-DA7CFA5BEE5B}.AppStore|x86.Deploy.0 = Release|x86
		{A9B9F4E3-50F9-4457-8F16-DA7CFA5BEE5B}.Debug|Any CPU.ActiveCfg = Debug|Any CPU
		{A9B9F4E3-50F9-4457-8F16-DA7CFA5BEE5B}.Debug|Any CPU.Build.0 = Debug|Any CPU
		{A9B9F4E3-50F9-4457-8F16-DA7CFA5BEE5B}.Debug|Any CPU.Deploy.0 = Debug|Any CPU
		{A9B9F4E3-50F9-4457-8F16-DA7CFA5BEE5B}.Debug|ARM.ActiveCfg = Debug|ARM
		{A9B9F4E3-50F9-4457-8F16-DA7CFA5BEE5B}.Debug|ARM.Build.0 = Debug|ARM
		{A9B9F4E3-50F9-4457-8F16-DA7CFA5BEE5B}.Debug|ARM.Deploy.0 = Debug|ARM
		{A9B9F4E3-50F9-4457-8F16-DA7CFA5BEE5B}.Debug|iPhone.ActiveCfg = Debug|Any CPU
		{A9B9F4E3-50F9-4457-8F16-DA7CFA5BEE5B}.Debug|iPhone.Build.0 = Debug|Any CPU
		{A9B9F4E3-50F9-4457-8F16-DA7CFA5BEE5B}.Debug|iPhone.Deploy.0 = Debug|Any CPU
		{A9B9F4E3-50F9-4457-8F16-DA7CFA5BEE5B}.Debug|iPhoneSimulator.ActiveCfg = Debug|Any CPU
		{A9B9F4E3-50F9-4457-8F16-DA7CFA5BEE5B}.Debug|iPhoneSimulator.Build.0 = Debug|Any CPU
		{A9B9F4E3-50F9-4457-8F16-DA7CFA5BEE5B}.Debug|iPhoneSimulator.Deploy.0 = Debug|Any CPU
		{A9B9F4E3-50F9-4457-8F16-DA7CFA5BEE5B}.Debug|x64.ActiveCfg = Debug|x64
		{A9B9F4E3-50F9-4457-8F16-DA7CFA5BEE5B}.Debug|x64.Build.0 = Debug|x64
		{A9B9F4E3-50F9-4457-8F16-DA7CFA5BEE5B}.Debug|x64.Deploy.0 = Debug|x64
		{A9B9F4E3-50F9-4457-8F16-DA7CFA5BEE5B}.Debug|x86.ActiveCfg = Debug|x86
		{A9B9F4E3-50F9-4457-8F16-DA7CFA5BEE5B}.Debug|x86.Build.0 = Debug|x86
		{A9B9F4E3-50F9-4457-8F16-DA7CFA5BEE5B}.Debug|x86.Deploy.0 = Debug|x86
		{A9B9F4E3-50F9-4457-8F16-DA7CFA5BEE5B}.Release|Any CPU.ActiveCfg = Release|Any CPU
		{A9B9F4E3-50F9-4457-8F16-DA7CFA5BEE5B}.Release|Any CPU.Build.0 = Release|Any CPU
		{A9B9F4E3-50F9-4457-8F16-DA7CFA5BEE5B}.Release|Any CPU.Deploy.0 = Release|Any CPU
		{A9B9F4E3-50F9-4457-8F16-DA7CFA5BEE5B}.Release|ARM.ActiveCfg = Release|ARM
		{A9B9F4E3-50F9-4457-8F16-DA7CFA5BEE5B}.Release|ARM.Build.0 = Release|ARM
		{A9B9F4E3-50F9-4457-8F16-DA7CFA5BEE5B}.Release|ARM.Deploy.0 = Release|ARM
		{A9B9F4E3-50F9-4457-8F16-DA7CFA5BEE5B}.Release|iPhone.ActiveCfg = Release|Any CPU
		{A9B9F4E3-50F9-4457-8F16-DA7CFA5BEE5B}.Release|iPhone.Build.0 = Release|Any CPU
		{A9B9F4E3-50F9-4457-8F16-DA7CFA5BEE5B}.Release|iPhone.Deploy.0 = Release|Any CPU
		{A9B9F4E3-50F9-4457-8F16-DA7CFA5BEE5B}.Release|iPhoneSimulator.ActiveCfg = Release|Any CPU
		{A9B9F4E3-50F9-4457-8F16-DA7CFA5BEE5B}.Release|iPhoneSimulator.Build.0 = Release|Any CPU
		{A9B9F4E3-50F9-4457-8F16-DA7CFA5BEE5B}.Release|iPhoneSimulator.Deploy.0 = Release|Any CPU
		{A9B9F4E3-50F9-4457-8F16-DA7CFA5BEE5B}.Release|x64.ActiveCfg = Release|x64
		{A9B9F4E3-50F9-4457-8F16-DA7CFA5BEE5B}.Release|x64.Build.0 = Release|x64
		{A9B9F4E3-50F9-4457-8F16-DA7CFA5BEE5B}.Release|x64.Deploy.0 = Release|x64
		{A9B9F4E3-50F9-4457-8F16-DA7CFA5BEE5B}.Release|x86.ActiveCfg = Release|x86
		{A9B9F4E3-50F9-4457-8F16-DA7CFA5BEE5B}.Release|x86.Build.0 = Release|x86
		{A9B9F4E3-50F9-4457-8F16-DA7CFA5BEE5B}.Release|x86.Deploy.0 = Release|x86
		{B29279FA-A435-4A21-9067-D841F01FB763}.Ad-Hoc|Any CPU.ActiveCfg = Release|Any CPU
		{B29279FA-A435-4A21-9067-D841F01FB763}.Ad-Hoc|Any CPU.Build.0 = Release|Any CPU
		{B29279FA-A435-4A21-9067-D841F01FB763}.Ad-Hoc|ARM.ActiveCfg = Release|Any CPU
		{B29279FA-A435-4A21-9067-D841F01FB763}.Ad-Hoc|ARM.Build.0 = Release|Any CPU
		{B29279FA-A435-4A21-9067-D841F01FB763}.Ad-Hoc|iPhone.ActiveCfg = Release|Any CPU
		{B29279FA-A435-4A21-9067-D841F01FB763}.Ad-Hoc|iPhone.Build.0 = Release|Any CPU
		{B29279FA-A435-4A21-9067-D841F01FB763}.Ad-Hoc|iPhoneSimulator.ActiveCfg = Release|Any CPU
		{B29279FA-A435-4A21-9067-D841F01FB763}.Ad-Hoc|iPhoneSimulator.Build.0 = Release|Any CPU
		{B29279FA-A435-4A21-9067-D841F01FB763}.Ad-Hoc|x64.ActiveCfg = Release|Any CPU
		{B29279FA-A435-4A21-9067-D841F01FB763}.Ad-Hoc|x64.Build.0 = Release|Any CPU
		{B29279FA-A435-4A21-9067-D841F01FB763}.Ad-Hoc|x86.ActiveCfg = Release|Any CPU
		{B29279FA-A435-4A21-9067-D841F01FB763}.Ad-Hoc|x86.Build.0 = Release|Any CPU
		{B29279FA-A435-4A21-9067-D841F01FB763}.AppStore|Any CPU.ActiveCfg = Release|Any CPU
		{B29279FA-A435-4A21-9067-D841F01FB763}.AppStore|Any CPU.Build.0 = Release|Any CPU
		{B29279FA-A435-4A21-9067-D841F01FB763}.AppStore|ARM.ActiveCfg = Release|Any CPU
		{B29279FA-A435-4A21-9067-D841F01FB763}.AppStore|ARM.Build.0 = Release|Any CPU
		{B29279FA-A435-4A21-9067-D841F01FB763}.AppStore|iPhone.ActiveCfg = Release|Any CPU
		{B29279FA-A435-4A21-9067-D841F01FB763}.AppStore|iPhone.Build.0 = Release|Any CPU
		{B29279FA-A435-4A21-9067-D841F01FB763}.AppStore|iPhoneSimulator.ActiveCfg = Release|Any CPU
		{B29279FA-A435-4A21-9067-D841F01FB763}.AppStore|iPhoneSimulator.Build.0 = Release|Any CPU
		{B29279FA-A435-4A21-9067-D841F01FB763}.AppStore|x64.ActiveCfg = Release|Any CPU
		{B29279FA-A435-4A21-9067-D841F01FB763}.AppStore|x64.Build.0 = Release|Any CPU
		{B29279FA-A435-4A21-9067-D841F01FB763}.AppStore|x86.ActiveCfg = Release|Any CPU
		{B29279FA-A435-4A21-9067-D841F01FB763}.AppStore|x86.Build.0 = Release|Any CPU
		{B29279FA-A435-4A21-9067-D841F01FB763}.Debug|Any CPU.ActiveCfg = Debug|Any CPU
		{B29279FA-A435-4A21-9067-D841F01FB763}.Debug|Any CPU.Build.0 = Debug|Any CPU
		{B29279FA-A435-4A21-9067-D841F01FB763}.Debug|ARM.ActiveCfg = Debug|Any CPU
		{B29279FA-A435-4A21-9067-D841F01FB763}.Debug|ARM.Build.0 = Debug|Any CPU
		{B29279FA-A435-4A21-9067-D841F01FB763}.Debug|iPhone.ActiveCfg = Debug|Any CPU
		{B29279FA-A435-4A21-9067-D841F01FB763}.Debug|iPhone.Build.0 = Debug|Any CPU
		{B29279FA-A435-4A21-9067-D841F01FB763}.Debug|iPhoneSimulator.ActiveCfg = Debug|Any CPU
		{B29279FA-A435-4A21-9067-D841F01FB763}.Debug|iPhoneSimulator.Build.0 = Debug|Any CPU
		{B29279FA-A435-4A21-9067-D841F01FB763}.Debug|x64.ActiveCfg = Debug|Any CPU
		{B29279FA-A435-4A21-9067-D841F01FB763}.Debug|x64.Build.0 = Debug|Any CPU
		{B29279FA-A435-4A21-9067-D841F01FB763}.Debug|x86.ActiveCfg = Debug|Any CPU
		{B29279FA-A435-4A21-9067-D841F01FB763}.Debug|x86.Build.0 = Debug|Any CPU
		{B29279FA-A435-4A21-9067-D841F01FB763}.Release|Any CPU.ActiveCfg = Release|Any CPU
		{B29279FA-A435-4A21-9067-D841F01FB763}.Release|Any CPU.Build.0 = Release|Any CPU
		{B29279FA-A435-4A21-9067-D841F01FB763}.Release|ARM.ActiveCfg = Release|Any CPU
		{B29279FA-A435-4A21-9067-D841F01FB763}.Release|ARM.Build.0 = Release|Any CPU
		{B29279FA-A435-4A21-9067-D841F01FB763}.Release|iPhone.ActiveCfg = Release|Any CPU
		{B29279FA-A435-4A21-9067-D841F01FB763}.Release|iPhone.Build.0 = Release|Any CPU
		{B29279FA-A435-4A21-9067-D841F01FB763}.Release|iPhoneSimulator.ActiveCfg = Release|Any CPU
		{B29279FA-A435-4A21-9067-D841F01FB763}.Release|iPhoneSimulator.Build.0 = Release|Any CPU
		{B29279FA-A435-4A21-9067-D841F01FB763}.Release|x64.ActiveCfg = Release|Any CPU
		{B29279FA-A435-4A21-9067-D841F01FB763}.Release|x64.Build.0 = Release|Any CPU
		{B29279FA-A435-4A21-9067-D841F01FB763}.Release|x86.ActiveCfg = Release|Any CPU
		{B29279FA-A435-4A21-9067-D841F01FB763}.Release|x86.Build.0 = Release|Any CPU
	EndGlobalSection
	GlobalSection(SolutionProperties) = preSolution
		HideSolutionNode = FALSE
	EndGlobalSection
EndGlobal
